
Microsoft Visual Studio Solution File, Format Version 12.00
# Visual Studio Version 17
VisualStudioVersion = 17.5.33502.453
MinimumVisualStudioVersion = 10.0.40219.1
Project("{9A19103F-16F7-4668-BE54-9A1E7A4F7556}") = "BYLLQ0_HFT_2022232.Client", "BYLLQ0_HFT_2022232.Client\BYLLQ0_HFT_2022232.Client.csproj", "{0E43BC9B-A3E9-4FF4-BF19-AD434A9C3085}"
EndProject
Project("{FAE04EC0-301F-11D3-BF4B-00C04F79EFBC}") = "BYLLQ0_HFT_2022232.Models", "BYLLQ0_HFT_2022232.Models\BYLLQ0_HFT_2022232.Models.csproj", "{C8A8506E-9434-42E9-8C5C-4E309C60F0B1}"
EndProject
Project("{FAE04EC0-301F-11D3-BF4B-00C04F79EFBC}") = "BYLLQ0_HFT_2022232.Logic", "BYLLQ0_HFT_2022232.Logic\BYLLQ0_HFT_2022232.Logic.csproj", "{06866BD9-C00A-4912-8BF6-2A56B221C01D}"
EndProject
Project("{FAE04EC0-301F-11D3-BF4B-00C04F79EFBC}") = "BYLLQ0_HFT_2022232.Repository", "BYLLQ0_HFT_2022232.Repository\BYLLQ0_HFT_2022232.Repository.csproj", "{E11F6483-D58F-4750-BCB9-A2D6AB7B04B0}"
EndProject
Project("{FAE04EC0-301F-11D3-BF4B-00C04F79EFBC}") = "BYLLQ0_HFT_2022232.Endpoint", "BYLLQ0_HFT_2022232.Endpoint\BYLLQ0_HFT_2022232.Endpoint.csproj", "{7A92BA37-DBCB-4A12-A590-7A99B050E089}"
EndProject
Project("{FAE04EC0-301F-11D3-BF4B-00C04F79EFBC}") = "BYLLQ0_HFT_2022232.Test", "BYLLQ0_HFT_2022232.Test\BYLLQ0_HFT_2022232.Test.csproj", "{7750C4C9-829D-469F-9BAA-28676F9BD68C}"
EndProject
Project("{2150E333-8FDC-42A3-9474-1A3956D46DE8}") = "Backend", "Backend", "{8FF3387F-B1E4-422B-82F0-96D6F6CC0741}"
EndProject
Project("{2150E333-8FDC-42A3-9474-1A3956D46DE8}") = "Frontend", "Frontend", "{B6B07035-6757-478D-BADC-47748E7D1515}"
EndProject
Project("{2150E333-8FDC-42A3-9474-1A3956D46DE8}") = "Shared", "Shared", "{FB14DE24-B9D2-447B-9273-92368B4FD1E5}"
EndProject
Global
	GlobalSection(SolutionConfigurationPlatforms) = preSolution
		Debug|Any CPU = Debug|Any CPU
		Release|Any CPU = Release|Any CPU
	EndGlobalSection
	GlobalSection(ProjectConfigurationPlatforms) = postSolution
		{0E43BC9B-A3E9-4FF4-BF19-AD434A9C3085}.Debug|Any CPU.ActiveCfg = Debug|Any CPU
		{0E43BC9B-A3E9-4FF4-BF19-AD434A9C3085}.Debug|Any CPU.Build.0 = Debug|Any CPU
		{0E43BC9B-A3E9-4FF4-BF19-AD434A9C3085}.Release|Any CPU.ActiveCfg = Release|Any CPU
		{0E43BC9B-A3E9-4FF4-BF19-AD434A9C3085}.Release|Any CPU.Build.0 = Release|Any CPU
		{C8A8506E-9434-42E9-8C5C-4E309C60F0B1}.Debug|Any CPU.ActiveCfg = Debug|Any CPU
		{C8A8506E-9434-42E9-8C5C-4E309C60F0B1}.Debug|Any CPU.Build.0 = Debug|Any CPU
		{C8A8506E-9434-42E9-8C5C-4E309C60F0B1}.Release|Any CPU.ActiveCfg = Release|Any CPU
		{C8A8506E-9434-42E9-8C5C-4E309C60F0B1}.Release|Any CPU.Build.0 = Release|Any CPU
		{06866BD9-C00A-4912-8BF6-2A56B221C01D}.Debug|Any CPU.ActiveCfg = Debug|Any CPU
		{06866BD9-C00A-4912-8BF6-2A56B221C01D}.Debug|Any CPU.Build.0 = Debug|Any CPU
		{06866BD9-C00A-4912-8BF6-2A56B221C01D}.Release|Any CPU.ActiveCfg = Release|Any CPU
		{06866BD9-C00A-4912-8BF6-2A56B221C01D}.Release|Any CPU.Build.0 = Release|Any CPU
		{E11F6483-D58F-4750-BCB9-A2D6AB7B04B0}.Debug|Any CPU.ActiveCfg = Debug|Any CPU
		{E11F6483-D58F-4750-BCB9-A2D6AB7B04B0}.Debug|Any CPU.Build.0 = Debug|Any CPU
		{E11F6483-D58F-4750-BCB9-A2D6AB7B04B0}.Release|Any CPU.ActiveCfg = Release|Any CPU
		{E11F6483-D58F-4750-BCB9-A2D6AB7B04B0}.Release|Any CPU.Build.0 = Release|Any CPU
		{7A92BA37-DBCB-4A12-A590-7A99B050E089}.Debug|Any CPU.ActiveCfg = Debug|Any CPU
		{7A92BA37-DBCB-4A12-A590-7A99B050E089}.Debug|Any CPU.Build.0 = Debug|Any CPU
		{7A92BA37-DBCB-4A12-A590-7A99B050E089}.Release|Any CPU.ActiveCfg = Release|Any CPU
		{7A92BA37-DBCB-4A12-A590-7A99B050E089}.Release|Any CPU.Build.0 = Release|Any CPU
		{7750C4C9-829D-469F-9BAA-28676F9BD68C}.Debug|Any CPU.ActiveCfg = Debug|Any CPU
		{7750C4C9-829D-469F-9BAA-28676F9BD68C}.Debug|Any CPU.Build.0 = Debug|Any CPU
		{7750C4C9-829D-469F-9BAA-28676F9BD68C}.Release|Any CPU.ActiveCfg = Release|Any CPU
		{7750C4C9-829D-469F-9BAA-28676F9BD68C}.Release|Any CPU.Build.0 = Release|Any CPU
	EndGlobalSection
	GlobalSection(SolutionProperties) = preSolution
		HideSolutionNode = FALSE
	EndGlobalSection
	GlobalSection(NestedProjects) = preSolution
		{0E43BC9B-A3E9-4FF4-BF19-AD434A9C3085} = {B6B07035-6757-478D-BADC-47748E7D1515}
		{C8A8506E-9434-42E9-8C5C-4E309C60F0B1} = {FB14DE24-B9D2-447B-9273-92368B4FD1E5}
		{06866BD9-C00A-4912-8BF6-2A56B221C01D} = {8FF3387F-B1E4-422B-82F0-96D6F6CC0741}
		{E11F6483-D58F-4750-BCB9-A2D6AB7B04B0} = {8FF3387F-B1E4-422B-82F0-96D6F6CC0741}
		{7A92BA37-DBCB-4A12-A590-7A99B050E089} = {8FF3387F-B1E4-422B-82F0-96D6F6CC0741}
		{7750C4C9-829D-469F-9BAA-28676F9BD68C} = {8FF3387F-B1E4-422B-82F0-96D6F6CC0741}
	EndGlobalSection
	GlobalSection(ExtensibilityGlobals) = postSolution
		SolutionGuid = {DB0D8367-AD29-43A5-BEDC-58C4696A095C}
	EndGlobalSection
EndGlobal
